
Microsoft Visual Studio Solution File, Format Version 12.00
# Visual Studio Version 17
VisualStudioVersion = 17.7.34202.233
MinimumVisualStudioVersion = 10.0.40219.1
Project("{9A19103F-16F7-4668-BE54-9A1E7A4F7556}") = "timeorganizer", "timeorganizer\timeorganizer.csproj", "{E903C2E6-2930-4215-BD74-68BBC827822B}"
EndProject
Global
	GlobalSection(SolutionConfigurationPlatforms) = preSolution
		Debug|Any CPU = Debug|Any CPU
		Release|Any CPU = Release|Any CPU
	EndGlobalSection
	GlobalSection(ProjectConfigurationPlatforms) = postSolution
		{E903C2E6-2930-4215-BD74-68BBC827822B}.Debug|Any CPU.ActiveCfg = Debug|Any CPU
		{E903C2E6-2930-4215-BD74-68BBC827822B}.Debug|Any CPU.Build.0 = Debug|Any CPU
		{E903C2E6-2930-4215-BD74-68BBC827822B}.Debug|Any CPU.Deploy.0 = Debug|Any CPU
		{E903C2E6-2930-4215-BD74-68BBC827822B}.Release|Any CPU.ActiveCfg = Release|Any CPU
		{E903C2E6-2930-4215-BD74-68BBC827822B}.Release|Any CPU.Build.0 = Release|Any CPU
		{E903C2E6-2930-4215-BD74-68BBC827822B}.Release|Any CPU.Deploy.0 = Release|Any CPU
	EndGlobalSection
	GlobalSection(SolutionProperties) = preSolution
		HideSolutionNode = FALSE
	EndGlobalSection
	GlobalSection(ExtensibilityGlobals) = postSolution
		SolutionGuid = {150F6A73-38D3-438A-8F64-60E460FF6A4C}
	EndGlobalSection
EndGlobal
